
Microsoft Visual Studio Solution File, Format Version 12.00
# Visual Studio 15
VisualStudioVersion = 15.0.27703.2042
MinimumVisualStudioVersion = 10.0.40219.1
Project("{FAE04EC0-301F-11D3-BF4B-00C04F79EFBC}") = "FrameCoordinatesGenerator", "FrameCoordinatesGenerator\FrameCoordinatesGenerator.csproj", "{E6524EE9-AAFC-4761-A33C-D5D2363699FB}"
EndProject
Global
	GlobalSection(SolutionConfigurationPlatforms) = preSolution
		Debug|ARM = Debug|ARM
		Debug|x64 = Debug|x64
		Debug|x86 = Debug|x86
		Release|ARM = Release|ARM
		Release|x64 = Release|x64
		Release|x86 = Release|x86
	EndGlobalSection
	GlobalSection(ProjectConfigurationPlatforms) = postSolution
		{E6524EE9-AAFC-4761-A33C-D5D2363699FB}.Debug|ARM.ActiveCfg = Debug|ARM
		{E6524EE9-AAFC-4761-A33C-D5D2363699FB}.Debug|ARM.Build.0 = Debug|ARM
		{E6524EE9-AAFC-4761-A33C-D5D2363699FB}.Debug|ARM.Deploy.0 = Debug|ARM
		{E6524EE9-AAFC-4761-A33C-D5D2363699FB}.Debug|x64.ActiveCfg = Debug|x64
		{E6524EE9-AAFC-4761-A33C-D5D2363699FB}.Debug|x64.Build.0 = Debug|x64
		{E6524EE9-AAFC-4761-A33C-D5D2363699FB}.Debug|x64.Deploy.0 = Debug|x64
		{E6524EE9-AAFC-4761-A33C-D5D2363699FB}.Debug|x86.ActiveCfg = Debug|x86
		{E6524EE9-AAFC-4761-A33C-D5D2363699FB}.Debug|x86.Build.0 = Debug|x86
		{E6524EE9-AAFC-4761-A33C-D5D2363699FB}.Debug|x86.Deploy.0 = Debug|x86
		{E6524EE9-AAFC-4761-A33C-D5D2363699FB}.Release|ARM.ActiveCfg = Release|ARM
		{E6524EE9-AAFC-4761-A33C-D5D2363699FB}.Release|ARM.Build.0 = Release|ARM
		{E6524EE9-AAFC-4761-A33C-D5D2363699FB}.Release|ARM.Deploy.0 = Release|ARM
		{E6524EE9-AAFC-4761-A33C-D5D2363699FB}.Release|x64.ActiveCfg = Release|x64
		{E6524EE9-AAFC-4761-A33C-D5D2363699FB}.Release|x64.Build.0 = Release|x64
		{E6524EE9-AAFC-4761-A33C-D5D2363699FB}.Release|x64.Deploy.0 = Release|x64
		{E6524EE9-AAFC-4761-A33C-D5D2363699FB}.Release|x86.ActiveCfg = Release|x86
		{E6524EE9-AAFC-4761-A33C-D5D2363699FB}.Release|x86.Build.0 = Release|x86
		{E6524EE9-AAFC-4761-A33C-D5D2363699FB}.Release|x86.Deploy.0 = Release|x86
	EndGlobalSection
	GlobalSection(SolutionProperties) = preSolution
		HideSolutionNode = FALSE
	EndGlobalSection
	GlobalSection(ExtensibilityGlobals) = postSolution
		SolutionGuid = {D4C06BFD-3131-4692-A04D-43CCC8B9236F}
	EndGlobalSection
EndGlobal
