
Microsoft Visual Studio Solution File, Format Version 12.00
# Visual Studio 15
VisualStudioVersion = 15.0.28010.2036
MinimumVisualStudioVersion = 10.0.40219.1
Project("{FAE04EC0-301F-11D3-BF4B-00C04F79EFBC}") = "MVVMHierarchiesDemo", "MVVMHierarchiesDemo\MVVMHierarchiesDemo.csproj", "{FD626996-C624-49BA-95C2-ED13409EBBB3}"
EndProject
Global
	GlobalSection(SolutionConfigurationPlatforms) = preSolution
		Debug|ARM = Debug|ARM
		Debug|x64 = Debug|x64
		Debug|x86 = Debug|x86
		Release|ARM = Release|ARM
		Release|x64 = Release|x64
		Release|x86 = Release|x86
	EndGlobalSection
	GlobalSection(ProjectConfigurationPlatforms) = postSolution
		{FD626996-C624-49BA-95C2-ED13409EBBB3}.Debug|ARM.ActiveCfg = Debug|ARM
		{FD626996-C624-49BA-95C2-ED13409EBBB3}.Debug|ARM.Build.0 = Debug|ARM
		{FD626996-C624-49BA-95C2-ED13409EBBB3}.Debug|ARM.Deploy.0 = Debug|ARM
		{FD626996-C624-49BA-95C2-ED13409EBBB3}.Debug|x64.ActiveCfg = Debug|x64
		{FD626996-C624-49BA-95C2-ED13409EBBB3}.Debug|x64.Build.0 = Debug|x64
		{FD626996-C624-49BA-95C2-ED13409EBBB3}.Debug|x64.Deploy.0 = Debug|x64
		{FD626996-C624-49BA-95C2-ED13409EBBB3}.Debug|x86.ActiveCfg = Debug|x86
		{FD626996-C624-49BA-95C2-ED13409EBBB3}.Debug|x86.Build.0 = Debug|x86
		{FD626996-C624-49BA-95C2-ED13409EBBB3}.Debug|x86.Deploy.0 = Debug|x86
		{FD626996-C624-49BA-95C2-ED13409EBBB3}.Release|ARM.ActiveCfg = Release|ARM
		{FD626996-C624-49BA-95C2-ED13409EBBB3}.Release|ARM.Build.0 = Release|ARM
		{FD626996-C624-49BA-95C2-ED13409EBBB3}.Release|ARM.Deploy.0 = Release|ARM
		{FD626996-C624-49BA-95C2-ED13409EBBB3}.Release|x64.ActiveCfg = Release|x64
		{FD626996-C624-49BA-95C2-ED13409EBBB3}.Release|x64.Build.0 = Release|x64
		{FD626996-C624-49BA-95C2-ED13409EBBB3}.Release|x64.Deploy.0 = Release|x64
		{FD626996-C624-49BA-95C2-ED13409EBBB3}.Release|x86.ActiveCfg = Release|x86
		{FD626996-C624-49BA-95C2-ED13409EBBB3}.Release|x86.Build.0 = Release|x86
		{FD626996-C624-49BA-95C2-ED13409EBBB3}.Release|x86.Deploy.0 = Release|x86
	EndGlobalSection
	GlobalSection(SolutionProperties) = preSolution
		HideSolutionNode = FALSE
	EndGlobalSection
	GlobalSection(ExtensibilityGlobals) = postSolution
		SolutionGuid = {B817C492-FE3D-48EB-AF11-79CAA5589F86}
	EndGlobalSection
EndGlobal
