
Microsoft Visual Studio Solution File, Format Version 12.00
# Visual Studio 15
VisualStudioVersion = 15.0.27703.2042
MinimumVisualStudioVersion = 10.0.40219.1
Project("{FAE04EC0-301F-11D3-BF4B-00C04F79EFBC}") = "MVVMTest", "MVVMTest\MVVMTest.csproj", "{03768FB9-F79B-4D4D-8802-C7BCEA5F84B3}"
EndProject
Global
	GlobalSection(SolutionConfigurationPlatforms) = preSolution
		Debug|ARM = Debug|ARM
		Debug|x64 = Debug|x64
		Debug|x86 = Debug|x86
		Release|ARM = Release|ARM
		Release|x64 = Release|x64
		Release|x86 = Release|x86
	EndGlobalSection
	GlobalSection(ProjectConfigurationPlatforms) = postSolution
		{03768FB9-F79B-4D4D-8802-C7BCEA5F84B3}.Debug|ARM.ActiveCfg = Debug|ARM
		{03768FB9-F79B-4D4D-8802-C7BCEA5F84B3}.Debug|ARM.Build.0 = Debug|ARM
		{03768FB9-F79B-4D4D-8802-C7BCEA5F84B3}.Debug|ARM.Deploy.0 = Debug|ARM
		{03768FB9-F79B-4D4D-8802-C7BCEA5F84B3}.Debug|x64.ActiveCfg = Debug|x64
		{03768FB9-F79B-4D4D-8802-C7BCEA5F84B3}.Debug|x64.Build.0 = Debug|x64
		{03768FB9-F79B-4D4D-8802-C7BCEA5F84B3}.Debug|x64.Deploy.0 = Debug|x64
		{03768FB9-F79B-4D4D-8802-C7BCEA5F84B3}.Debug|x86.ActiveCfg = Debug|x86
		{03768FB9-F79B-4D4D-8802-C7BCEA5F84B3}.Debug|x86.Build.0 = Debug|x86
		{03768FB9-F79B-4D4D-8802-C7BCEA5F84B3}.Debug|x86.Deploy.0 = Debug|x86
		{03768FB9-F79B-4D4D-8802-C7BCEA5F84B3}.Release|ARM.ActiveCfg = Release|ARM
		{03768FB9-F79B-4D4D-8802-C7BCEA5F84B3}.Release|ARM.Build.0 = Release|ARM
		{03768FB9-F79B-4D4D-8802-C7BCEA5F84B3}.Release|ARM.Deploy.0 = Release|ARM
		{03768FB9-F79B-4D4D-8802-C7BCEA5F84B3}.Release|x64.ActiveCfg = Release|x64
		{03768FB9-F79B-4D4D-8802-C7BCEA5F84B3}.Release|x64.Build.0 = Release|x64
		{03768FB9-F79B-4D4D-8802-C7BCEA5F84B3}.Release|x64.Deploy.0 = Release|x64
		{03768FB9-F79B-4D4D-8802-C7BCEA5F84B3}.Release|x86.ActiveCfg = Release|x86
		{03768FB9-F79B-4D4D-8802-C7BCEA5F84B3}.Release|x86.Build.0 = Release|x86
		{03768FB9-F79B-4D4D-8802-C7BCEA5F84B3}.Release|x86.Deploy.0 = Release|x86
	EndGlobalSection
	GlobalSection(SolutionProperties) = preSolution
		HideSolutionNode = FALSE
	EndGlobalSection
	GlobalSection(ExtensibilityGlobals) = postSolution
		SolutionGuid = {F81D5030-A232-48E4-945E-502DC6761331}
	EndGlobalSection
EndGlobal
